
Microsoft Visual Studio Solution File, Format Version 12.00
# Visual Studio Version 17
VisualStudioVersion = 17.12.35728.132 d17.12
MinimumVisualStudioVersion = 10.0.40219.1
Project("{FAE04EC0-301F-11D3-BF4B-00C04F79EFBC}") = "Sesi1", "Sesi1\Sesi1.csproj", "{839F3E0F-D669-4B54-950C-26A712E4979F}"
EndProject
Global
	GlobalSection(SolutionConfigurationPlatforms) = preSolution
		Debug|Any CPU = Debug|Any CPU
		Release|Any CPU = Release|Any CPU
	EndGlobalSection
	GlobalSection(ProjectConfigurationPlatforms) = postSolution
		{839F3E0F-D669-4B54-950C-26A712E4979F}.Debug|Any CPU.ActiveCfg = Debug|Any CPU
		{839F3E0F-D669-4B54-950C-26A712E4979F}.Debug|Any CPU.Build.0 = Debug|Any CPU
		{839F3E0F-D669-4B54-950C-26A712E4979F}.Release|Any CPU.ActiveCfg = Release|Any CPU
		{839F3E0F-D669-4B54-950C-26A712E4979F}.Release|Any CPU.Build.0 = Release|Any CPU
	EndGlobalSection
	GlobalSection(SolutionProperties) = preSolution
		HideSolutionNode = FALSE
	EndGlobalSection
EndGlobal
